// !$*UTF8*$!
{
	archiveVersion = 1;
	classes = {
	};
	objectVersion = 46;
	objects = {

/* Begin PBXBuildFile section */
		39953E8188D741A2FCAE22E7 /* Pods_Yelp.framework in Frameworks */ = {isa = PBXBuildFile; fileRef = A732B69D655E04327FF6F44A /* Pods_Yelp.framework */; };
		4237EBC81DBD489B0074393E /* main.m in Sources */ = {isa = PBXBuildFile; fileRef = 4237EBC71DBD489B0074393E /* main.m */; };
		4237EBCB1DBD489B0074393E /* AppDelegate.m in Sources */ = {isa = PBXBuildFile; fileRef = 4237EBCA1DBD489B0074393E /* AppDelegate.m */; };
		4237EBCE1DBD489B0074393E /* ViewController.m in Sources */ = {isa = PBXBuildFile; fileRef = 4237EBCD1DBD489B0074393E /* ViewController.m */; };
		4237EBD31DBD489B0074393E /* Assets.xcassets in Resources */ = {isa = PBXBuildFile; fileRef = 4237EBD21DBD489B0074393E /* Assets.xcassets */; };
		4237EBD61DBD489B0074393E /* LaunchScreen.storyboard in Resources */ = {isa = PBXBuildFile; fileRef = 4237EBD41DBD489B0074393E /* LaunchScreen.storyboard */; };
		425EFA771DBD5C41004FC5D3 /* YPRatingsView.m in Sources */ = {isa = PBXBuildFile; fileRef = 425EFA761DBD5C41004FC5D3 /* YPRatingsView.m */; };
		425EFA7A1DBD7EBB004FC5D3 /* YPFilterTableViewCell.m in Sources */ = {isa = PBXBuildFile; fileRef = 425EFA791DBD7EBB004FC5D3 /* YPFilterTableViewCell.m */; };
		42F869781DBD49FA005A2568 /* YelpClient.swift in Sources */ = {isa = PBXBuildFile; fileRef = 42F869771DBD49FA005A2568 /* YelpClient.swift */; };
		42F8697A1DBD49FF005A2568 /* Business.swift in Sources */ = {isa = PBXBuildFile; fileRef = 42F869791DBD49FF005A2568 /* Business.swift */; };
		42F869801DBD5A22005A2568 /* YPBusinessesViewController.m in Sources */ = {isa = PBXBuildFile; fileRef = 42F8697F1DBD5A22005A2568 /* YPBusinessesViewController.m */; };
		42F869831DBD5A2D005A2568 /* YPFilterViewController.m in Sources */ = {isa = PBXBuildFile; fileRef = 42F869821DBD5A2D005A2568 /* YPFilterViewController.m */; };
		42F869861DBD5A3F005A2568 /* YPErrorView.m in Sources */ = {isa = PBXBuildFile; fileRef = 42F869851DBD5A3F005A2568 /* YPErrorView.m */; };
		42F869891DBD5A53005A2568 /* YPInfiniteScrollActivityView.m in Sources */ = {isa = PBXBuildFile; fileRef = 42F869881DBD5A53005A2568 /* YPInfiniteScrollActivityView.m */; };
		42F8698C1DBD5A72005A2568 /* YPBusinessTableViewCell.m in Sources */ = {isa = PBXBuildFile; fileRef = 42F8698B1DBD5A72005A2568 /* YPBusinessTableViewCell.m */; };
/* End PBXBuildFile section */

/* Begin PBXFileReference section */
		4237EBC31DBD489B0074393E /* Yelp.app */ = {isa = PBXFileReference; explicitFileType = wrapper.application; includeInIndex = 0; path = Yelp.app; sourceTree = BUILT_PRODUCTS_DIR; };
		4237EBC71DBD489B0074393E /* main.m */ = {isa = PBXFileReference; lastKnownFileType = sourcecode.c.objc; path = main.m; sourceTree = "<group>"; };
		4237EBC91DBD489B0074393E /* AppDelegate.h */ = {isa = PBXFileReference; lastKnownFileType = sourcecode.c.h; path = AppDelegate.h; sourceTree = "<group>"; };
		4237EBCA1DBD489B0074393E /* AppDelegate.m */ = {isa = PBXFileReference; lastKnownFileType = sourcecode.c.objc; path = AppDelegate.m; sourceTree = "<group>"; };
		4237EBCC1DBD489B0074393E /* ViewController.h */ = {isa = PBXFileReference; lastKnownFileType = sourcecode.c.h; path = ViewController.h; sourceTree = "<group>"; };
		4237EBCD1DBD489B0074393E /* ViewController.m */ = {isa = PBXFileReference; lastKnownFileType = sourcecode.c.objc; path = ViewController.m; sourceTree = "<group>"; };
		4237EBD21DBD489B0074393E /* Assets.xcassets */ = {isa = PBXFileReference; lastKnownFileType = folder.assetcatalog; path = Assets.xcassets; sourceTree = "<group>"; };
		4237EBD51DBD489B0074393E /* Base */ = {isa = PBXFileReference; lastKnownFileType = file.storyboard; name = Base; path = Base.lproj/LaunchScreen.storyboard; sourceTree = "<group>"; };
		4237EBD71DBD489B0074393E /* Info.plist */ = {isa = PBXFileReference; lastKnownFileType = text.plist.xml; path = Info.plist; sourceTree = "<group>"; };
		425EFA751DBD5C41004FC5D3 /* YPRatingsView.h */ = {isa = PBXFileReference; fileEncoding = 4; lastKnownFileType = sourcecode.c.h; path = YPRatingsView.h; sourceTree = "<group>"; };
		425EFA761DBD5C41004FC5D3 /* YPRatingsView.m */ = {isa = PBXFileReference; fileEncoding = 4; lastKnownFileType = sourcecode.c.objc; path = YPRatingsView.m; sourceTree = "<group>"; };
		425EFA781DBD7EBB004FC5D3 /* YPFilterTableViewCell.h */ = {isa = PBXFileReference; fileEncoding = 4; lastKnownFileType = sourcecode.c.h; path = YPFilterTableViewCell.h; sourceTree = "<group>"; };
		425EFA791DBD7EBB004FC5D3 /* YPFilterTableViewCell.m */ = {isa = PBXFileReference; fileEncoding = 4; lastKnownFileType = sourcecode.c.objc; path = YPFilterTableViewCell.m; sourceTree = "<group>"; };
		42F869741DBD49F2005A2568 /* Yelp-Bridging-Header.h */ = {isa = PBXFileReference; lastKnownFileType = sourcecode.c.h; path = "Yelp-Bridging-Header.h"; sourceTree = "<group>"; };
		42F869771DBD49FA005A2568 /* YelpClient.swift */ = {isa = PBXFileReference; fileEncoding = 4; lastKnownFileType = sourcecode.swift; path = YelpClient.swift; sourceTree = "<group>"; };
		42F869791DBD49FF005A2568 /* Business.swift */ = {isa = PBXFileReference; fileEncoding = 4; lastKnownFileType = sourcecode.swift; path = Business.swift; sourceTree = "<group>"; };
		42F8697E1DBD5A22005A2568 /* YPBusinessesViewController.h */ = {isa = PBXFileReference; fileEncoding = 4; lastKnownFileType = sourcecode.c.h; path = YPBusinessesViewController.h; sourceTree = "<group>"; };
		42F8697F1DBD5A22005A2568 /* YPBusinessesViewController.m */ = {isa = PBXFileReference; fileEncoding = 4; lastKnownFileType = sourcecode.c.objc; path = YPBusinessesViewController.m; sourceTree = "<group>"; };
		42F869811DBD5A2D005A2568 /* YPFilterViewController.h */ = {isa = PBXFileReference; fileEncoding = 4; lastKnownFileType = sourcecode.c.h; path = YPFilterViewController.h; sourceTree = "<group>"; };
		42F869821DBD5A2D005A2568 /* YPFilterViewController.m */ = {isa = PBXFileReference; fileEncoding = 4; lastKnownFileType = sourcecode.c.objc; path = YPFilterViewController.m; sourceTree = "<group>"; };
		42F869841DBD5A3F005A2568 /* YPErrorView.h */ = {isa = PBXFileReference; fileEncoding = 4; lastKnownFileType = sourcecode.c.h; path = YPErrorView.h; sourceTree = "<group>"; };
		42F869851DBD5A3F005A2568 /* YPErrorView.m */ = {isa = PBXFileReference; fileEncoding = 4; lastKnownFileType = sourcecode.c.objc; path = YPErrorView.m; sourceTree = "<group>"; };
		42F869871DBD5A53005A2568 /* YPInfiniteScrollActivityView.h */ = {isa = PBXFileReference; fileEncoding = 4; lastKnownFileType = sourcecode.c.h; path = YPInfiniteScrollActivityView.h; sourceTree = "<group>"; };
		42F869881DBD5A53005A2568 /* YPInfiniteScrollActivityView.m */ = {isa = PBXFileReference; fileEncoding = 4; lastKnownFileType = sourcecode.c.objc; path = YPInfiniteScrollActivityView.m; sourceTree = "<group>"; };
		42F8698A1DBD5A72005A2568 /* YPBusinessTableViewCell.h */ = {isa = PBXFileReference; fileEncoding = 4; lastKnownFileType = sourcecode.c.h; path = YPBusinessTableViewCell.h; sourceTree = "<group>"; };
		42F8698B1DBD5A72005A2568 /* YPBusinessTableViewCell.m */ = {isa = PBXFileReference; fileEncoding = 4; lastKnownFileType = sourcecode.c.objc; path = YPBusinessTableViewCell.m; sourceTree = "<group>"; };
		960776BCBC6AE9F1DEE7AEE7 /* Pods-Yelp.debug.xcconfig */ = {isa = PBXFileReference; includeInIndex = 1; lastKnownFileType = text.xcconfig; name = "Pods-Yelp.debug.xcconfig"; path = "Pods/Target Support Files/Pods-Yelp/Pods-Yelp.debug.xcconfig"; sourceTree = "<group>"; };
		A732B69D655E04327FF6F44A /* Pods_Yelp.framework */ = {isa = PBXFileReference; explicitFileType = wrapper.framework; includeInIndex = 0; path = Pods_Yelp.framework; sourceTree = BUILT_PRODUCTS_DIR; };
		D607074008660C7BB82651F4 /* Pods-Yelp.release.xcconfig */ = {isa = PBXFileReference; includeInIndex = 1; lastKnownFileType = text.xcconfig; name = "Pods-Yelp.release.xcconfig"; path = "Pods/Target Support Files/Pods-Yelp/Pods-Yelp.release.xcconfig"; sourceTree = "<group>"; };
/* End PBXFileReference section */

/* Begin PBXFrameworksBuildPhase section */
		4237EBC01DBD489B0074393E /* Frameworks */ = {
			isa = PBXFrameworksBuildPhase;
			buildActionMask = 2147483647;
			files = (
				39953E8188D741A2FCAE22E7 /* Pods_Yelp.framework in Frameworks */,
			);
			runOnlyForDeploymentPostprocessing = 0;
		};
/* End PBXFrameworksBuildPhase section */

/* Begin PBXGroup section */
		4237EBBA1DBD489B0074393E = {
			isa = PBXGroup;
			children = (
				4237EBC51DBD489B0074393E /* Yelp */,
				4237EBC41DBD489B0074393E /* Products */,
				96CBA171D02481C954D90F62 /* Pods */,
				8C7AFA130E6FEE4A86B0FCF8 /* Frameworks */,
			);
			sourceTree = "<group>";
		};
		4237EBC41DBD489B0074393E /* Products */ = {
			isa = PBXGroup;
			children = (
				4237EBC31DBD489B0074393E /* Yelp.app */,
			);
			name = Products;
			sourceTree = "<group>";
		};
		4237EBC51DBD489B0074393E /* Yelp */ = {
			isa = PBXGroup;
			children = (
				42F8697D1DBD59E2005A2568 /* ViewControllers */,
				42F8697C1DBD59D4005A2568 /* Views */,
				42F8697B1DBD59C7005A2568 /* Models */,
				42F869771DBD49FA005A2568 /* YelpClient.swift */,
				42F869791DBD49FF005A2568 /* Business.swift */,
				4237EBC91DBD489B0074393E /* AppDelegate.h */,
				4237EBCA1DBD489B0074393E /* AppDelegate.m */,
				4237EBCC1DBD489B0074393E /* ViewController.h */,
				4237EBCD1DBD489B0074393E /* ViewController.m */,
				4237EBD21DBD489B0074393E /* Assets.xcassets */,
				4237EBD41DBD489B0074393E /* LaunchScreen.storyboard */,
				4237EBD71DBD489B0074393E /* Info.plist */,
				4237EBC61DBD489B0074393E /* Supporting Files */,
				42F869741DBD49F2005A2568 /* Yelp-Bridging-Header.h */,
			);
			path = Yelp;
			sourceTree = "<group>";
		};
		4237EBC61DBD489B0074393E /* Supporting Files */ = {
			isa = PBXGroup;
			children = (
				4237EBC71DBD489B0074393E /* main.m */,
			);
			name = "Supporting Files";
			sourceTree = "<group>";
		};
		42F8697B1DBD59C7005A2568 /* Models */ = {
			isa = PBXGroup;
			children = (
			);
			name = Models;
			sourceTree = "<group>";
		};
		42F8697C1DBD59D4005A2568 /* Views */ = {
			isa = PBXGroup;
			children = (
				42F869841DBD5A3F005A2568 /* YPErrorView.h */,
				42F869851DBD5A3F005A2568 /* YPErrorView.m */,
				42F869871DBD5A53005A2568 /* YPInfiniteScrollActivityView.h */,
				425EFA751DBD5C41004FC5D3 /* YPRatingsView.h */,
				425EFA761DBD5C41004FC5D3 /* YPRatingsView.m */,
				42F869881DBD5A53005A2568 /* YPInfiniteScrollActivityView.m */,
				42F8698A1DBD5A72005A2568 /* YPBusinessTableViewCell.h */,
				42F8698B1DBD5A72005A2568 /* YPBusinessTableViewCell.m */,
				425EFA781DBD7EBB004FC5D3 /* YPFilterTableViewCell.h */,
				425EFA791DBD7EBB004FC5D3 /* YPFilterTableViewCell.m */,
			);
			name = Views;
			sourceTree = "<group>";
		};
		42F8697D1DBD59E2005A2568 /* ViewControllers */ = {
			isa = PBXGroup;
			children = (
				42F8697E1DBD5A22005A2568 /* YPBusinessesViewController.h */,
				42F8697F1DBD5A22005A2568 /* YPBusinessesViewController.m */,
				42F869811DBD5A2D005A2568 /* YPFilterViewController.h */,
				42F869821DBD5A2D005A2568 /* YPFilterViewController.m */,
			);
			name = ViewControllers;
			sourceTree = "<group>";
		};
		8C7AFA130E6FEE4A86B0FCF8 /* Frameworks */ = {
			isa = PBXGroup;
			children = (
				A732B69D655E04327FF6F44A /* Pods_Yelp.framework */,
			);
			name = Frameworks;
			sourceTree = "<group>";
		};
		96CBA171D02481C954D90F62 /* Pods */ = {
			isa = PBXGroup;
			children = (
				960776BCBC6AE9F1DEE7AEE7 /* Pods-Yelp.debug.xcconfig */,
				D607074008660C7BB82651F4 /* Pods-Yelp.release.xcconfig */,
			);
			name = Pods;
			sourceTree = "<group>";
		};
/* End PBXGroup section */

/* Begin PBXNativeTarget section */
		4237EBC21DBD489B0074393E /* Yelp */ = {
			isa = PBXNativeTarget;
			buildConfigurationList = 4237EBDA1DBD489B0074393E /* Build configuration list for PBXNativeTarget "Yelp" */;
			buildPhases = (
				F9CCB36B978226AB17D6EC48 /* [CP] Check Pods Manifest.lock */,
				4237EBBF1DBD489B0074393E /* Sources */,
				4237EBC01DBD489B0074393E /* Frameworks */,
				4237EBC11DBD489B0074393E /* Resources */,
				43B94D03B4CDDB7AE3D21B96 /* [CP] Embed Pods Frameworks */,
				F65C203487F4DF7E235340ED /* [CP] Copy Pods Resources */,
			);
			buildRules = (
			);
			dependencies = (
			);
			name = Yelp;
			productName = Yelp;
			productReference = 4237EBC31DBD489B0074393E /* Yelp.app */;
			productType = "com.apple.product-type.application";
		};
/* End PBXNativeTarget section */

/* Begin PBXProject section */
		4237EBBB1DBD489B0074393E /* Project object */ = {
			isa = PBXProject;
			attributes = {
				LastUpgradeCheck = 0800;
				ORGANIZATIONNAME = parry;
				TargetAttributes = {
					4237EBC21DBD489B0074393E = {
						CreatedOnToolsVersion = 8.0;
						LastSwiftMigration = 0800;
						ProvisioningStyle = Automatic;
					};
				};
			};
			buildConfigurationList = 4237EBBE1DBD489B0074393E /* Build configuration list for PBXProject "Yelp" */;
			compatibilityVersion = "Xcode 3.2";
			developmentRegion = English;
			hasScannedForEncodings = 0;
			knownRegions = (
				en,
				Base,
			);
			mainGroup = 4237EBBA1DBD489B0074393E;
			productRefGroup = 4237EBC41DBD489B0074393E /* Products */;
			projectDirPath = "";
			projectRoot = "";
			targets = (
				4237EBC21DBD489B0074393E /* Yelp */,
			);
		};
/* End PBXProject section */

/* Begin PBXResourcesBuildPhase section */
		4237EBC11DBD489B0074393E /* Resources */ = {
			isa = PBXResourcesBuildPhase;
			buildActionMask = 2147483647;
			files = (
				4237EBD61DBD489B0074393E /* LaunchScreen.storyboard in Resources */,
				4237EBD31DBD489B0074393E /* Assets.xcassets in Resources */,
			);
			runOnlyForDeploymentPostprocessing = 0;
		};
/* End PBXResourcesBuildPhase section */

/* Begin PBXShellScriptBuildPhase section */
		43B94D03B4CDDB7AE3D21B96 /* [CP] Embed Pods Frameworks */ = {
			isa = PBXShellScriptBuildPhase;
			buildActionMask = 2147483647;
			files = (
			);
			inputPaths = (
			);
			name = "[CP] Embed Pods Frameworks";
			outputPaths = (
			);
			runOnlyForDeploymentPostprocessing = 0;
			shellPath = /bin/sh;
			shellScript = "\"${SRCROOT}/Pods/Target Support Files/Pods-Yelp/Pods-Yelp-frameworks.sh\"\n";
			showEnvVarsInLog = 0;
		};
		F65C203487F4DF7E235340ED /* [CP] Copy Pods Resources */ = {
			isa = PBXShellScriptBuildPhase;
			buildActionMask = 2147483647;
			files = (
			);
			inputPaths = (
			);
			name = "[CP] Copy Pods Resources";
			outputPaths = (
			);
			runOnlyForDeploymentPostprocessing = 0;
			shellPath = /bin/sh;
			shellScript = "\"${SRCROOT}/Pods/Target Support Files/Pods-Yelp/Pods-Yelp-resources.sh\"\n";
			showEnvVarsInLog = 0;
		};
		F9CCB36B978226AB17D6EC48 /* [CP] Check Pods Manifest.lock */ = {
			isa = PBXShellScriptBuildPhase;
			buildActionMask = 2147483647;
			files = (
			);
			inputPaths = (
			);
			name = "[CP] Check Pods Manifest.lock";
			outputPaths = (
			);
			runOnlyForDeploymentPostprocessing = 0;
			shellPath = /bin/sh;
			shellScript = "diff \"${PODS_ROOT}/../Podfile.lock\" \"${PODS_ROOT}/Manifest.lock\" > /dev/null\nif [[ $? != 0 ]] ; then\n    cat << EOM\nerror: The sandbox is not in sync with the Podfile.lock. Run 'pod install' or update your CocoaPods installation.\nEOM\n    exit 1\nfi\n";
			showEnvVarsInLog = 0;
		};
/* End PBXShellScriptBuildPhase section */

/* Begin PBXSourcesBuildPhase section */
		4237EBBF1DBD489B0074393E /* Sources */ = {
			isa = PBXSourcesBuildPhase;
			buildActionMask = 2147483647;
			files = (
				42F869861DBD5A3F005A2568 /* YPErrorView.m in Sources */,
				42F869781DBD49FA005A2568 /* YelpClient.swift in Sources */,
				42F869831DBD5A2D005A2568 /* YPFilterViewController.m in Sources */,
				425EFA7A1DBD7EBB004FC5D3 /* YPFilterTableViewCell.m in Sources */,
				42F869801DBD5A22005A2568 /* YPBusinessesViewController.m in Sources */,
				42F8698C1DBD5A72005A2568 /* YPBusinessTableViewCell.m in Sources */,
				425EFA771DBD5C41004FC5D3 /* YPRatingsView.m in Sources */,
				4237EBCE1DBD489B0074393E /* ViewController.m in Sources */,
				42F8697A1DBD49FF005A2568 /* Business.swift in Sources */,
				42F869891DBD5A53005A2568 /* YPInfiniteScrollActivityView.m in Sources */,
				4237EBCB1DBD489B0074393E /* AppDelegate.m in Sources */,
				4237EBC81DBD489B0074393E /* main.m in Sources */,
			);
			runOnlyForDeploymentPostprocessing = 0;
		};
/* End PBXSourcesBuildPhase section */

/* Begin PBXVariantGroup section */
		4237EBD41DBD489B0074393E /* LaunchScreen.storyboard */ = {
			isa = PBXVariantGroup;
			children = (
				4237EBD51DBD489B0074393E /* Base */,
			);
			name = LaunchScreen.storyboard;
			sourceTree = "<group>";
		};
/* End PBXVariantGroup section */

/* Begin XCBuildConfiguration section */
		4237EBD81DBD489B0074393E /* Debug */ = {
			isa = XCBuildConfiguration;
			buildSettings = {
				ALWAYS_SEARCH_USER_PATHS = NO;
				CLANG_ANALYZER_NONNULL = YES;
				CLANG_CXX_LANGUAGE_STANDARD = "gnu++0x";
				CLANG_CXX_LIBRARY = "libc++";
				CLANG_ENABLE_MODULES = YES;
				CLANG_ENABLE_OBJC_ARC = YES;
				CLANG_WARN_BOOL_CONVERSION = YES;
				CLANG_WARN_CONSTANT_CONVERSION = YES;
				CLANG_WARN_DIRECT_OBJC_ISA_USAGE = YES_ERROR;
				CLANG_WARN_DOCUMENTATION_COMMENTS = YES;
				CLANG_WARN_EMPTY_BODY = YES;
				CLANG_WARN_ENUM_CONVERSION = YES;
				CLANG_WARN_INFINITE_RECURSION = YES;
				CLANG_WARN_INT_CONVERSION = YES;
				CLANG_WARN_OBJC_ROOT_CLASS = YES_ERROR;
				CLANG_WARN_SUSPICIOUS_MOVES = YES;
				CLANG_WARN_UNREACHABLE_CODE = YES;
				CLANG_WARN__DUPLICATE_METHOD_MATCH = YES;
				"CODE_SIGN_IDENTITY[sdk=iphoneos*]" = "iPhone Developer";
				COPY_PHASE_STRIP = NO;
				DEBUG_INFORMATION_FORMAT = dwarf;
				ENABLE_STRICT_OBJC_MSGSEND = YES;
				ENABLE_TESTABILITY = YES;
				GCC_C_LANGUAGE_STANDARD = gnu99;
				GCC_DYNAMIC_NO_PIC = NO;
				GCC_NO_COMMON_BLOCKS = YES;
				GCC_OPTIMIZATION_LEVEL = 0;
				GCC_PREPROCESSOR_DEFINITIONS = (
					"DEBUG=1",
					"$(inherited)",
				);
				GCC_WARN_64_TO_32_BIT_CONVERSION = YES;
				GCC_WARN_ABOUT_RETURN_TYPE = YES_ERROR;
				GCC_WARN_UNDECLARED_SELECTOR = YES;
				GCC_WARN_UNINITIALIZED_AUTOS = YES_AGGRESSIVE;
				GCC_WARN_UNUSED_FUNCTION = YES;
				GCC_WARN_UNUSED_VARIABLE = YES;
				IPHONEOS_DEPLOYMENT_TARGET = 10.0;
				MTL_ENABLE_DEBUG_INFO = YES;
				ONLY_ACTIVE_ARCH = YES;
				SDKROOT = iphoneos;
				TARGETED_DEVICE_FAMILY = "1,2";
			};
			name = Debug;
		};
		4237EBD91DBD489B0074393E /* Release */ = {
			isa = XCBuildConfiguration;
			buildSettings = {
				ALWAYS_SEARCH_USER_PATHS = NO;
				CLANG_ANALYZER_NONNULL = YES;
				CLANG_CXX_LANGUAGE_STANDARD = "gnu++0x";
				CLANG_CXX_LIBRARY = "libc++";
				CLANG_ENABLE_MODULES = YES;
				CLANG_ENABLE_OBJC_ARC = YES;
				CLANG_WARN_BOOL_CONVERSION = YES;
				CLANG_WARN_CONSTANT_CONVERSION = YES;
				CLANG_WARN_DIRECT_OBJC_ISA_USAGE = YES_ERROR;
				CLANG_WARN_DOCUMENTATION_COMMENTS = YES;
				CLANG_WARN_EMPTY_BODY = YES;
				CLANG_WARN_ENUM_CONVERSION = YES;
				CLANG_WARN_INFINITE_RECURSION = YES;
				CLANG_WARN_INT_CONVERSION = YES;
				CLANG_WARN_OBJC_ROOT_CLASS = YES_ERROR;
				CLANG_WARN_SUSPICIOUS_MOVES = YES;
				CLANG_WARN_UNREACHABLE_CODE = YES;
				CLANG_WARN__DUPLICATE_METHOD_MATCH = YES;
				"CODE_SIGN_IDENTITY[sdk=iphoneos*]" = "iPhone Developer";
				COPY_PHASE_STRIP = NO;
				DEBUG_INFORMATION_FORMAT = "dwarf-with-dsym";
				ENABLE_NS_ASSERTIONS = NO;
				ENABLE_STRICT_OBJC_MSGSEND = YES;
				GCC_C_LANGUAGE_STANDARD = gnu99;
				GCC_NO_COMMON_BLOCKS = YES;
				GCC_WARN_64_TO_32_BIT_CONVERSION = YES;
				GCC_WARN_ABOUT_RETURN_TYPE = YES_ERROR;
				GCC_WARN_UNDECLARED_SELECTOR = YES;
				GCC_WARN_UNINITIALIZED_AUTOS = YES_AGGRESSIVE;
				GCC_WARN_UNUSED_FUNCTION = YES;
				GCC_WARN_UNUSED_VARIABLE = YES;
				IPHONEOS_DEPLOYMENT_TARGET = 10.0;
				MTL_ENABLE_DEBUG_INFO = NO;
				SDKROOT = iphoneos;
				TARGETED_DEVICE_FAMILY = "1,2";
				VALIDATE_PRODUCT = YES;
			};
			name = Release;
		};
		4237EBDB1DBD489B0074393E /* Debug */ = {
			isa = XCBuildConfiguration;
			baseConfigurationReference = 960776BCBC6AE9F1DEE7AEE7 /* Pods-Yelp.debug.xcconfig */;
			buildSettings = {
				ALWAYS_EMBED_SWIFT_STANDARD_LIBRARIES = YES;
				ASSETCATALOG_COMPILER_APPICON_NAME = AppIcon;
				CLANG_ENABLE_MODULES = YES;
				DEFINES_MODULE = YES;
				INFOPLIST_FILE = Yelp/Info.plist;
				IPHONEOS_DEPLOYMENT_TARGET = 8.0;
				LD_RUNPATH_SEARCH_PATHS = "$(inherited) @executable_path/Frameworks";
				PRODUCT_BUNDLE_IDENTIFIER = CodePath.Yelp;
				PRODUCT_NAME = "$(TARGET_NAME)";
				SWIFT_OBJC_BRIDGING_HEADER = "Yelp/Yelp-Bridging-Header.h";
				SWIFT_OPTIMIZATION_LEVEL = "-Onone";
				SWIFT_VERSION = 3.0;
			};
			name = Debug;
		};
		4237EBDC1DBD489B0074393E /* Release */ = {
			isa = XCBuildConfiguration;
			baseConfigurationReference = D607074008660C7BB82651F4 /* Pods-Yelp.release.xcconfig */;
			buildSettings = {
				ALWAYS_EMBED_SWIFT_STANDARD_LIBRARIES = YES;
				ASSETCATALOG_COMPILER_APPICON_NAME = AppIcon;
				CLANG_ENABLE_MODULES = YES;
				DEFINES_MODULE = YES;
				INFOPLIST_FILE = Yelp/Info.plist;
				IPHONEOS_DEPLOYMENT_TARGET = 8.0;
				LD_RUNPATH_SEARCH_PATHS = "$(inherited) @executable_path/Frameworks";
				PRODUCT_BUNDLE_IDENTIFIER = CodePath.Yelp;
				PRODUCT_NAME = "$(TARGET_NAME)";
				SWIFT_OBJC_BRIDGING_HEADER = "Yelp/Yelp-Bridging-Header.h";
				SWIFT_VERSION = 3.0;
			};
			name = Release;
		};
/* End XCBuildConfiguration section */

/* Begin XCConfigurationList section */
		4237EBBE1DBD489B0074393E /* Build configuration list for PBXProject "Yelp" */ = {
			isa = XCConfigurationList;
			buildConfigurations = (
				4237EBD81DBD489B0074393E /* Debug */,
				4237EBD91DBD489B0074393E /* Release */,
			);
			defaultConfigurationIsVisible = 0;
			defaultConfigurationName = Release;
		};
		4237EBDA1DBD489B0074393E /* Build configuration list for PBXNativeTarget "Yelp" */ = {
			isa = XCConfigurationList;
			buildConfigurations = (
				4237EBDB1DBD489B0074393E /* Debug */,
				4237EBDC1DBD489B0074393E /* Release */,
			);
			defaultConfigurationIsVisible = 0;
			defaultConfigurationName = Release;
		};
/* End XCConfigurationList section */
	};
	rootObject = 4237EBBB1DBD489B0074393E /* Project object */;
}
